
Microsoft Visual Studio Solution File, Format Version 12.00
# Visual Studio Version 17
VisualStudioVersion = 17.0.31903.59
MinimumVisualStudioVersion = 10.0.40219.1
Project("{FAE04EC0-301F-11D3-BF4B-00C04F79EFBC}") = "ProgramacaoOrientadaObjeto", "ProgramacaoOrientadaObjeto.csproj", "{033C0FF1-BAAD-4A70-B64F-B80C1C31791F}"
EndProject
Global
	GlobalSection(SolutionConfigurationPlatforms) = preSolution
		Debug|Any CPU = Debug|Any CPU
		Release|Any CPU = Release|Any CPU
	EndGlobalSection
	GlobalSection(SolutionProperties) = preSolution
		HideSolutionNode = FALSE
	EndGlobalSection
	GlobalSection(ProjectConfigurationPlatforms) = postSolution
		{033C0FF1-BAAD-4A70-B64F-B80C1C31791F}.Debug|Any CPU.ActiveCfg = Debug|Any CPU
		{033C0FF1-BAAD-4A70-B64F-B80C1C31791F}.Debug|Any CPU.Build.0 = Debug|Any CPU
		{033C0FF1-BAAD-4A70-B64F-B80C1C31791F}.Release|Any CPU.ActiveCfg = Release|Any CPU
		{033C0FF1-BAAD-4A70-B64F-B80C1C31791F}.Release|Any CPU.Build.0 = Release|Any CPU
	EndGlobalSection
EndGlobal
